
Microsoft Visual Studio Solution File, Format Version 12.00
# Visual Studio Version 17
VisualStudioVersion = 17.2.32602.215
MinimumVisualStudioVersion = 10.0.40219.1
Project("{FAE04EC0-301F-11D3-BF4B-00C04F79EFBC}") = "TheDevBlog_API", "TheDevBlog_API\TheDevBlog_API.csproj", "{C8661BB0-0750-4AB9-A5C0-938754AD7818}"
EndProject
Global
	GlobalSection(SolutionConfigurationPlatforms) = preSolution
		Debug|Any CPU = Debug|Any CPU
		Release|Any CPU = Release|Any CPU
	EndGlobalSection
	GlobalSection(ProjectConfigurationPlatforms) = postSolution
		{C8661BB0-0750-4AB9-A5C0-938754AD7818}.Debug|Any CPU.ActiveCfg = Debug|Any CPU
		{C8661BB0-0750-4AB9-A5C0-938754AD7818}.Debug|Any CPU.Build.0 = Debug|Any CPU
		{C8661BB0-0750-4AB9-A5C0-938754AD7818}.Release|Any CPU.ActiveCfg = Release|Any CPU
		{C8661BB0-0750-4AB9-A5C0-938754AD7818}.Release|Any CPU.Build.0 = Release|Any CPU
	EndGlobalSection
	GlobalSection(SolutionProperties) = preSolution
		HideSolutionNode = FALSE
	EndGlobalSection
	GlobalSection(ExtensibilityGlobals) = postSolution
		SolutionGuid = {87BBD396-1594-4E75-AEBD-EAD06AB5E007}
	EndGlobalSection
EndGlobal
